
Microsoft Visual Studio Solution File, Format Version 12.00
# Visual Studio Version 16
VisualStudioVersion = 16.0.29418.71
MinimumVisualStudioVersion = 10.0.40219.1
Project("{9A19103F-16F7-4668-BE54-9A1E7A4F7556}") = "Analogy.Core", "Analogy.Core\Analogy.Core.csproj", "{AAB73979-5FB5-42B3-834C-E08FF2087A80}"
EndProject
Project("{9A19103F-16F7-4668-BE54-9A1E7A4F7556}") = "Analogy.Interfaces", "Analogy.Interfaces\Analogy.Interfaces.csproj", "{FD6F3795-58CA-415C-A88D-330AC04367F8}"
EndProject
Global
	GlobalSection(SolutionConfigurationPlatforms) = preSolution
		Debug|Any CPU = Debug|Any CPU
		Release|Any CPU = Release|Any CPU
	EndGlobalSection
	GlobalSection(ProjectConfigurationPlatforms) = postSolution
		{AAB73979-5FB5-42B3-834C-E08FF2087A80}.Debug|Any CPU.ActiveCfg = Debug|Any CPU
		{AAB73979-5FB5-42B3-834C-E08FF2087A80}.Debug|Any CPU.Build.0 = Debug|Any CPU
		{AAB73979-5FB5-42B3-834C-E08FF2087A80}.Release|Any CPU.ActiveCfg = Release|Any CPU
		{AAB73979-5FB5-42B3-834C-E08FF2087A80}.Release|Any CPU.Build.0 = Release|Any CPU
		{FD6F3795-58CA-415C-A88D-330AC04367F8}.Debug|Any CPU.ActiveCfg = Debug|Any CPU
		{FD6F3795-58CA-415C-A88D-330AC04367F8}.Debug|Any CPU.Build.0 = Debug|Any CPU
		{FD6F3795-58CA-415C-A88D-330AC04367F8}.Release|Any CPU.ActiveCfg = Release|Any CPU
		{FD6F3795-58CA-415C-A88D-330AC04367F8}.Release|Any CPU.Build.0 = Release|Any CPU
	EndGlobalSection
	GlobalSection(SolutionProperties) = preSolution
		HideSolutionNode = FALSE
	EndGlobalSection
	GlobalSection(ExtensibilityGlobals) = postSolution
		SolutionGuid = {38FFCD1C-D650-4D14-A5E4-34621A2E7C7E}
	EndGlobalSection
EndGlobal
