Microsoft Visual Studio Solution File, Format Version 12.00
# Visual Studio Version 17
VisualStudioVersion = 17.0.31919.166
MinimumVisualStudioVersion = 10.0.40219.1
Project("{9A19103F-16F7-4668-BE54-9A1E7A4F7556}") = "Analogy", "Analogy\Analogy.csproj", "{F2B3CF44-653A-4FD6-8B79-8D1DEC605B1E}"
EndProject
Project("{9A19103F-16F7-4668-BE54-9A1E7A4F7556}") = "Analogy.UnitTests", "Analogy.UnitTests\Analogy.UnitTests.csproj", "{B3AA4AAD-28D8-4A44-AAA9-3D2AC92B1BEF}"
	ProjectSection(ProjectDependencies) = postProject
		{42A38B8A-CDCF-477A-8BC6-1A4685CD5255} = {42A38B8A-CDCF-477A-8BC6-1A4685CD5255}
		{FD91FD34-34E2-475E-A5E6-143669FA2C4A} = {FD91FD34-34E2-475E-A5E6-143669FA2C4A}
	EndProjectSection
EndProject
Project("{9A19103F-16F7-4668-BE54-9A1E7A4F7556}") = "Analogy.CommonControls", "Analogy.CommonControls\Analogy.CommonControls.csproj", "{FD91FD34-34E2-475E-A5E6-143669FA2C4A}"
EndProject
Project("{9A19103F-16F7-4668-BE54-9A1E7A4F7556}") = "Analogy.CommonControls.Example", "Analogy.CommonControls.Example\Analogy.CommonControls.Example.csproj", "{41F03583-1C30-4D03-92A8-2F5D9477BF0F}"
	ProjectSection(ProjectDependencies) = postProject
		{42A38B8A-CDCF-477A-8BC6-1A4685CD5255} = {42A38B8A-CDCF-477A-8BC6-1A4685CD5255}
		{FD91FD34-34E2-475E-A5E6-143669FA2C4A} = {FD91FD34-34E2-475E-A5E6-143669FA2C4A}
	EndProjectSection
EndProject
Project("{9A19103F-16F7-4668-BE54-9A1E7A4F7556}") = "Analogy.Common", "Analogy.Common\Analogy.Common.csproj", "{42A38B8A-CDCF-477A-8BC6-1A4685CD5255}"
EndProject
Project("{2150E333-8FDC-42A3-9474-1A3956D46DE8}") = "Solution Items", "Solution Items", "{F5E34202-7C91-45AB-94DA-A8934FE3D3B6}"
	ProjectSection(SolutionItems) = preProject
		.editorconfig = .editorconfig
		.github\workflows\dotnet-core-desktop.yml = .github\workflows\dotnet-core-desktop.yml
		nuget.config = nuget.config
	EndProjectSection
EndProject
Global
	GlobalSection(SolutionConfigurationPlatforms) = preSolution
		Debug|Any CPU = Debug|Any CPU
		Debug|ARM = Debug|ARM
		Debug|ARM64 = Debug|ARM64
		Debug|x64 = Debug|x64
		Debug|x86 = Debug|x86
		Release|Any CPU = Release|Any CPU
		Release|ARM = Release|ARM
		Release|ARM64 = Release|ARM64
		Release|x64 = Release|x64
		Release|x86 = Release|x86
	EndGlobalSection
	GlobalSection(ProjectConfigurationPlatforms) = postSolution
		{F2B3CF44-653A-4FD6-8B79-8D1DEC605B1E}.Debug|Any CPU.ActiveCfg = Debug|Any CPU
		{F2B3CF44-653A-4FD6-8B79-8D1DEC605B1E}.Debug|Any CPU.Build.0 = Debug|Any CPU
		{F2B3CF44-653A-4FD6-8B79-8D1DEC605B1E}.Debug|ARM.ActiveCfg = Debug|Any CPU
		{F2B3CF44-653A-4FD6-8B79-8D1DEC605B1E}.Debug|ARM64.ActiveCfg = Debug|Any CPU
		{F2B3CF44-653A-4FD6-8B79-8D1DEC605B1E}.Debug|x64.ActiveCfg = Debug|x64
		{F2B3CF44-653A-4FD6-8B79-8D1DEC605B1E}.Debug|x64.Build.0 = Debug|x64
		{F2B3CF44-653A-4FD6-8B79-8D1DEC605B1E}.Debug|x86.ActiveCfg = Debug|x86
		{F2B3CF44-653A-4FD6-8B79-8D1DEC605B1E}.Debug|x86.Build.0 = Debug|x86
		{F2B3CF44-653A-4FD6-8B79-8D1DEC605B1E}.Release|Any CPU.ActiveCfg = Release|Any CPU
		{F2B3CF44-653A-4FD6-8B79-8D1DEC605B1E}.Release|Any CPU.Build.0 = Release|Any CPU
		{F2B3CF44-653A-4FD6-8B79-8D1DEC605B1E}.Release|ARM.ActiveCfg = Release|Any CPU
		{F2B3CF44-653A-4FD6-8B79-8D1DEC605B1E}.Release|ARM64.ActiveCfg = Release|Any CPU
		{F2B3CF44-653A-4FD6-8B79-8D1DEC605B1E}.Release|x64.ActiveCfg = Release|x64
		{F2B3CF44-653A-4FD6-8B79-8D1DEC605B1E}.Release|x64.Build.0 = Release|x64
		{F2B3CF44-653A-4FD6-8B79-8D1DEC605B1E}.Release|x86.ActiveCfg = Release|x86
		{F2B3CF44-653A-4FD6-8B79-8D1DEC605B1E}.Release|x86.Build.0 = Release|x86
		{B3AA4AAD-28D8-4A44-AAA9-3D2AC92B1BEF}.Debug|Any CPU.ActiveCfg = Debug|Any CPU
		{B3AA4AAD-28D8-4A44-AAA9-3D2AC92B1BEF}.Debug|Any CPU.Build.0 = Debug|Any CPU
		{B3AA4AAD-28D8-4A44-AAA9-3D2AC92B1BEF}.Debug|ARM.ActiveCfg = Debug|Any CPU
		{B3AA4AAD-28D8-4A44-AAA9-3D2AC92B1BEF}.Debug|ARM64.ActiveCfg = Debug|Any CPU
		{B3AA4AAD-28D8-4A44-AAA9-3D2AC92B1BEF}.Debug|x64.ActiveCfg = Debug|x64
		{B3AA4AAD-28D8-4A44-AAA9-3D2AC92B1BEF}.Debug|x64.Build.0 = Debug|x64
		{B3AA4AAD-28D8-4A44-AAA9-3D2AC92B1BEF}.Debug|x86.ActiveCfg = Debug|x86
		{B3AA4AAD-28D8-4A44-AAA9-3D2AC92B1BEF}.Debug|x86.Build.0 = Debug|x86
		{B3AA4AAD-28D8-4A44-AAA9-3D2AC92B1BEF}.Release|Any CPU.ActiveCfg = Release|Any CPU
		{B3AA4AAD-28D8-4A44-AAA9-3D2AC92B1BEF}.Release|Any CPU.Build.0 = Release|Any CPU
		{B3AA4AAD-28D8-4A44-AAA9-3D2AC92B1BEF}.Release|ARM.ActiveCfg = Release|Any CPU
		{B3AA4AAD-28D8-4A44-AAA9-3D2AC92B1BEF}.Release|ARM64.ActiveCfg = Release|Any CPU
		{B3AA4AAD-28D8-4A44-AAA9-3D2AC92B1BEF}.Release|x64.ActiveCfg = Release|x64
		{B3AA4AAD-28D8-4A44-AAA9-3D2AC92B1BEF}.Release|x64.Build.0 = Release|x64
		{B3AA4AAD-28D8-4A44-AAA9-3D2AC92B1BEF}.Release|x86.ActiveCfg = Release|x86
		{B3AA4AAD-28D8-4A44-AAA9-3D2AC92B1BEF}.Release|x86.Build.0 = Release|x86
		{FD91FD34-34E2-475E-A5E6-143669FA2C4A}.Debug|Any CPU.ActiveCfg = Debug|Any CPU
		{FD91FD34-34E2-475E-A5E6-143669FA2C4A}.Debug|Any CPU.Build.0 = Debug|Any CPU
		{FD91FD34-34E2-475E-A5E6-143669FA2C4A}.Debug|ARM.ActiveCfg = Debug|Any CPU
		{FD91FD34-34E2-475E-A5E6-143669FA2C4A}.Debug|ARM.Build.0 = Debug|Any CPU
		{FD91FD34-34E2-475E-A5E6-143669FA2C4A}.Debug|ARM64.ActiveCfg = Debug|Any CPU
		{FD91FD34-34E2-475E-A5E6-143669FA2C4A}.Debug|ARM64.Build.0 = Debug|Any CPU
		{FD91FD34-34E2-475E-A5E6-143669FA2C4A}.Debug|x64.ActiveCfg = Debug|x64
		{FD91FD34-34E2-475E-A5E6-143669FA2C4A}.Debug|x64.Build.0 = Debug|x64
		{FD91FD34-34E2-475E-A5E6-143669FA2C4A}.Debug|x86.ActiveCfg = Debug|x86
		{FD91FD34-34E2-475E-A5E6-143669FA2C4A}.Debug|x86.Build.0 = Debug|x86
		{FD91FD34-34E2-475E-A5E6-143669FA2C4A}.Release|Any CPU.ActiveCfg = Release|Any CPU
		{FD91FD34-34E2-475E-A5E6-143669FA2C4A}.Release|Any CPU.Build.0 = Release|Any CPU
		{FD91FD34-34E2-475E-A5E6-143669FA2C4A}.Release|ARM.ActiveCfg = Release|Any CPU
		{FD91FD34-34E2-475E-A5E6-143669FA2C4A}.Release|ARM.Build.0 = Release|Any CPU
		{FD91FD34-34E2-475E-A5E6-143669FA2C4A}.Release|ARM64.ActiveCfg = Release|Any CPU
		{FD91FD34-34E2-475E-A5E6-143669FA2C4A}.Release|ARM64.Build.0 = Release|Any CPU
		{FD91FD34-34E2-475E-A5E6-143669FA2C4A}.Release|x64.ActiveCfg = Release|x64
		{FD91FD34-34E2-475E-A5E6-143669FA2C4A}.Release|x64.Build.0 = Release|x64
		{FD91FD34-34E2-475E-A5E6-143669FA2C4A}.Release|x86.ActiveCfg = Release|x86
		{FD91FD34-34E2-475E-A5E6-143669FA2C4A}.Release|x86.Build.0 = Release|x86
		{41F03583-1C30-4D03-92A8-2F5D9477BF0F}.Debug|Any CPU.ActiveCfg = Debug|Any CPU
		{41F03583-1C30-4D03-92A8-2F5D9477BF0F}.Debug|Any CPU.Build.0 = Debug|Any CPU
		{41F03583-1C30-4D03-92A8-2F5D9477BF0F}.Debug|ARM.ActiveCfg = Debug|Any CPU
		{41F03583-1C30-4D03-92A8-2F5D9477BF0F}.Debug|ARM.Build.0 = Debug|Any CPU
		{41F03583-1C30-4D03-92A8-2F5D9477BF0F}.Debug|ARM64.ActiveCfg = Debug|Any CPU
		{41F03583-1C30-4D03-92A8-2F5D9477BF0F}.Debug|ARM64.Build.0 = Debug|Any CPU
		{41F03583-1C30-4D03-92A8-2F5D9477BF0F}.Debug|x64.ActiveCfg = Debug|x64
		{41F03583-1C30-4D03-92A8-2F5D9477BF0F}.Debug|x64.Build.0 = Debug|x64
		{41F03583-1C30-4D03-92A8-2F5D9477BF0F}.Debug|x86.ActiveCfg = Debug|x86
		{41F03583-1C30-4D03-92A8-2F5D9477BF0F}.Debug|x86.Build.0 = Debug|x86
		{41F03583-1C30-4D03-92A8-2F5D9477BF0F}.Release|Any CPU.ActiveCfg = Release|Any CPU
		{41F03583-1C30-4D03-92A8-2F5D9477BF0F}.Release|Any CPU.Build.0 = Release|Any CPU
		{41F03583-1C30-4D03-92A8-2F5D9477BF0F}.Release|ARM.ActiveCfg = Release|Any CPU
		{41F03583-1C30-4D03-92A8-2F5D9477BF0F}.Release|ARM.Build.0 = Release|Any CPU
		{41F03583-1C30-4D03-92A8-2F5D9477BF0F}.Release|ARM64.ActiveCfg = Release|Any CPU
		{41F03583-1C30-4D03-92A8-2F5D9477BF0F}.Release|ARM64.Build.0 = Release|Any CPU
		{41F03583-1C30-4D03-92A8-2F5D9477BF0F}.Release|x64.ActiveCfg = Release|x64
		{41F03583-1C30-4D03-92A8-2F5D9477BF0F}.Release|x64.Build.0 = Release|x64
		{41F03583-1C30-4D03-92A8-2F5D9477BF0F}.Release|x86.ActiveCfg = Release|x86
		{41F03583-1C30-4D03-92A8-2F5D9477BF0F}.Release|x86.Build.0 = Release|x86
		{42A38B8A-CDCF-477A-8BC6-1A4685CD5255}.Debug|Any CPU.ActiveCfg = Debug|Any CPU
		{42A38B8A-CDCF-477A-8BC6-1A4685CD5255}.Debug|Any CPU.Build.0 = Debug|Any CPU
		{42A38B8A-CDCF-477A-8BC6-1A4685CD5255}.Debug|ARM.ActiveCfg = Debug|Any CPU
		{42A38B8A-CDCF-477A-8BC6-1A4685CD5255}.Debug|ARM.Build.0 = Debug|Any CPU
		{42A38B8A-CDCF-477A-8BC6-1A4685CD5255}.Debug|ARM64.ActiveCfg = Debug|Any CPU
		{42A38B8A-CDCF-477A-8BC6-1A4685CD5255}.Debug|ARM64.Build.0 = Debug|Any CPU
		{42A38B8A-CDCF-477A-8BC6-1A4685CD5255}.Debug|x64.ActiveCfg = Debug|x64
		{42A38B8A-CDCF-477A-8BC6-1A4685CD5255}.Debug|x64.Build.0 = Debug|x64
		{42A38B8A-CDCF-477A-8BC6-1A4685CD5255}.Debug|x86.ActiveCfg = Debug|x86
		{42A38B8A-CDCF-477A-8BC6-1A4685CD5255}.Debug|x86.Build.0 = Debug|x86
		{42A38B8A-CDCF-477A-8BC6-1A4685CD5255}.Release|Any CPU.ActiveCfg = Release|Any CPU
		{42A38B8A-CDCF-477A-8BC6-1A4685CD5255}.Release|Any CPU.Build.0 = Release|Any CPU
		{42A38B8A-CDCF-477A-8BC6-1A4685CD5255}.Release|ARM.ActiveCfg = Release|Any CPU
		{42A38B8A-CDCF-477A-8BC6-1A4685CD5255}.Release|ARM.Build.0 = Release|Any CPU
		{42A38B8A-CDCF-477A-8BC6-1A4685CD5255}.Release|ARM64.ActiveCfg = Release|Any CPU
		{42A38B8A-CDCF-477A-8BC6-1A4685CD5255}.Release|ARM64.Build.0 = Release|Any CPU
		{42A38B8A-CDCF-477A-8BC6-1A4685CD5255}.Release|x64.ActiveCfg = Release|x64
		{42A38B8A-CDCF-477A-8BC6-1A4685CD5255}.Release|x64.Build.0 = Release|x64
		{42A38B8A-CDCF-477A-8BC6-1A4685CD5255}.Release|x86.ActiveCfg = Release|x86
		{42A38B8A-CDCF-477A-8BC6-1A4685CD5255}.Release|x86.Build.0 = Release|x86
	EndGlobalSection
	GlobalSection(SolutionProperties) = preSolution
		HideSolutionNode = FALSE
	EndGlobalSection
	GlobalSection(ExtensibilityGlobals) = postSolution
		SolutionGuid = {5545B4EE-30CC-4F7B-8D24-A0FE4C0B6183}
	EndGlobalSection
EndGlobal
