
Microsoft Visual Studio Solution File, Format Version 12.00
# Visual Studio Version 16
VisualStudioVersion = 16.0.31515.178
MinimumVisualStudioVersion = 10.0.40219.1
Project("{FAE04EC0-301F-11D3-BF4B-00C04F79EFBC}") = "DevExpress.Sync", "DevExpress.Sync\DevExpress.Sync.csproj", "{C1D81AC5-BD8F-458A-91D2-F6DD5D40D201}"
EndProject
Global
	GlobalSection(SolutionConfigurationPlatforms) = preSolution
		Debug|Any CPU = Debug|Any CPU
		Release|Any CPU = Release|Any CPU
	EndGlobalSection
	GlobalSection(ProjectConfigurationPlatforms) = postSolution
		{C1D81AC5-BD8F-458A-91D2-F6DD5D40D201}.Debug|Any CPU.ActiveCfg = Debug|Any CPU
		{C1D81AC5-BD8F-458A-91D2-F6DD5D40D201}.Debug|Any CPU.Build.0 = Debug|Any CPU
		{C1D81AC5-BD8F-458A-91D2-F6DD5D40D201}.Release|Any CPU.ActiveCfg = Release|Any CPU
		{C1D81AC5-BD8F-458A-91D2-F6DD5D40D201}.Release|Any CPU.Build.0 = Release|Any CPU
	EndGlobalSection
	GlobalSection(SolutionProperties) = preSolution
		HideSolutionNode = FALSE
	EndGlobalSection
	GlobalSection(ExtensibilityGlobals) = postSolution
		SolutionGuid = {DB811D6B-7B7B-47FC-B66B-C52C0E991B7E}
	EndGlobalSection
EndGlobal
